// !$*UTF8*$!
{
	archiveVersion = 1;
	classes = {
	};
	objectVersion = 50;
	objects = {

/* Begin PBXBuildFile section */
		FFED83E121A45CFD00470DD4 /* AppDelegate.swift in Sources */ = {isa = PBXBuildFile; fileRef = FFED83E021A45CFD00470DD4 /* AppDelegate.swift */; };
		FFED83E321A45CFD00470DD4 /* DisastersViewController.swift in Sources */ = {isa = PBXBuildFile; fileRef = FFED83E221A45CFD00470DD4 /* DisastersViewController.swift */; };
		FFED83E621A45CFD00470DD4 /* Main.storyboard in Resources */ = {isa = PBXBuildFile; fileRef = FFED83E421A45CFD00470DD4 /* Main.storyboard */; };
		FFED83E821A45D0000470DD4 /* Assets.xcassets in Resources */ = {isa = PBXBuildFile; fileRef = FFED83E721A45D0000470DD4 /* Assets.xcassets */; };
		FFED83EB21A45D0000470DD4 /* LaunchScreen.storyboard in Resources */ = {isa = PBXBuildFile; fileRef = FFED83E921A45D0000470DD4 /* LaunchScreen.storyboard */; };
		FFED83FA21A4683100470DD4 /* Alamofire.framework in Frameworks */ = {isa = PBXBuildFile; fileRef = FFED83F921A4683100470DD4 /* Alamofire.framework */; };
		FFED83FB21A4683100470DD4 /* Alamofire.framework in Embed Frameworks */ = {isa = PBXBuildFile; fileRef = FFED83F921A4683100470DD4 /* Alamofire.framework */; settings = {ATTRIBUTES = (CodeSignOnCopy, RemoveHeadersOnCopy, ); }; };
		FFED83FE21A4684200470DD4 /* Nuke.framework in Frameworks */ = {isa = PBXBuildFile; fileRef = FFED83FD21A4684200470DD4 /* Nuke.framework */; };
		FFED83FF21A4684200470DD4 /* Nuke.framework in Embed Frameworks */ = {isa = PBXBuildFile; fileRef = FFED83FD21A4684200470DD4 /* Nuke.framework */; settings = {ATTRIBUTES = (CodeSignOnCopy, RemoveHeadersOnCopy, ); }; };
		FFED840121A4685B00470DD4 /* ObjectMapper.framework in Frameworks */ = {isa = PBXBuildFile; fileRef = FFED840021A4685B00470DD4 /* ObjectMapper.framework */; };
		FFED840221A4685B00470DD4 /* ObjectMapper.framework in Embed Frameworks */ = {isa = PBXBuildFile; fileRef = FFED840021A4685B00470DD4 /* ObjectMapper.framework */; settings = {ATTRIBUTES = (CodeSignOnCopy, RemoveHeadersOnCopy, ); }; };
		FFED840421A4687500470DD4 /* RxCocoa.framework in Frameworks */ = {isa = PBXBuildFile; fileRef = FFED840321A4687500470DD4 /* RxCocoa.framework */; };
		FFED840521A4687500470DD4 /* RxCocoa.framework in Embed Frameworks */ = {isa = PBXBuildFile; fileRef = FFED840321A4687500470DD4 /* RxCocoa.framework */; settings = {ATTRIBUTES = (CodeSignOnCopy, RemoveHeadersOnCopy, ); }; };
		FFED840721A4688A00470DD4 /* RxSwift.framework in Frameworks */ = {isa = PBXBuildFile; fileRef = FFED840621A4688A00470DD4 /* RxSwift.framework */; };
		FFED840821A4688A00470DD4 /* RxSwift.framework in Embed Frameworks */ = {isa = PBXBuildFile; fileRef = FFED840621A4688A00470DD4 /* RxSwift.framework */; settings = {ATTRIBUTES = (CodeSignOnCopy, RemoveHeadersOnCopy, ); }; };
		FFED840C21A46A4500470DD4 /* APICliient.swift in Sources */ = {isa = PBXBuildFile; fileRef = FFED840B21A46A4500470DD4 /* APICliient.swift */; };
		FFED840F21A46A7700470DD4 /* APIIClientError.swift in Sources */ = {isa = PBXBuildFile; fileRef = FFED840E21A46A7700470DD4 /* APIIClientError.swift */; };
		FFED841121A46A9400470DD4 /* BokinAPIError.swift in Sources */ = {isa = PBXBuildFile; fileRef = FFED841021A46A9400470DD4 /* BokinAPIError.swift */; };
		FFED841421A46AB900470DD4 /* DisasterResponse.swift in Sources */ = {isa = PBXBuildFile; fileRef = FFED841321A46AB900470DD4 /* DisasterResponse.swift */; };
		FFED841721A46B1900470DD4 /* APIRequest.swift in Sources */ = {isa = PBXBuildFile; fileRef = FFED841621A46B1900470DD4 /* APIRequest.swift */; };
		FFED841921A46BA100470DD4 /* BokinRequest.swift in Sources */ = {isa = PBXBuildFile; fileRef = FFED841821A46BA100470DD4 /* BokinRequest.swift */; };
		FFED841B21A46C3700470DD4 /* Disaster.swift in Sources */ = {isa = PBXBuildFile; fileRef = FFED841A21A46C3700470DD4 /* Disaster.swift */; };
		FFED841D21A46D4100470DD4 /* User.swift in Sources */ = {isa = PBXBuildFile; fileRef = FFED841C21A46D4100470DD4 /* User.swift */; };
		FFED841F21A46EDD00470DD4 /* UserResponse.swift in Sources */ = {isa = PBXBuildFile; fileRef = FFED841E21A46EDD00470DD4 /* UserResponse.swift */; };
		FFED842421A47B1300470DD4 /* KeyChainManager.swift in Sources */ = {isa = PBXBuildFile; fileRef = FFED842321A47B1300470DD4 /* KeyChainManager.swift */; };
		FFED842D21A5188F00470DD4 /* DisastersViewModel.swift in Sources */ = {isa = PBXBuildFile; fileRef = FFED842C21A5188F00470DD4 /* DisastersViewModel.swift */; };
		FFED843B21A525FC00470DD4 /* TableView+.swift in Sources */ = {isa = PBXBuildFile; fileRef = FFED843A21A525FC00470DD4 /* TableView+.swift */; };
		FFED843D21A5275700470DD4 /* ClassName.swift in Sources */ = {isa = PBXBuildFile; fileRef = FFED843C21A5275700470DD4 /* ClassName.swift */; };
		FFED843F21A52F8D00470DD4 /* RxAtomic.framework in Frameworks */ = {isa = PBXBuildFile; fileRef = FFED843E21A52F8C00470DD4 /* RxAtomic.framework */; };
		FFED844021A52F8D00470DD4 /* RxAtomic.framework in Embed Frameworks */ = {isa = PBXBuildFile; fileRef = FFED843E21A52F8C00470DD4 /* RxAtomic.framework */; settings = {ATTRIBUTES = (CodeSignOnCopy, RemoveHeadersOnCopy, ); }; };
		FFED845921A5457000470DD4 /* DisastersTableViewCell.swift in Sources */ = {isa = PBXBuildFile; fileRef = FFED845321A5456F00470DD4 /* DisastersTableViewCell.swift */; };
		FFED845A21A5457000470DD4 /* DisastersTableViewCell.xib in Resources */ = {isa = PBXBuildFile; fileRef = FFED845421A5456F00470DD4 /* DisastersTableViewCell.xib */; };
		FFED845C21A5457000470DD4 /* DisastersTableViewTopCell.swift in Sources */ = {isa = PBXBuildFile; fileRef = FFED845721A5457000470DD4 /* DisastersTableViewTopCell.swift */; };
		FFED845D21A5457000470DD4 /* DisastersTableViewTopCell.xib in Resources */ = {isa = PBXBuildFile; fileRef = FFED845821A5457000470DD4 /* DisastersTableViewTopCell.xib */; };
		FFED845F21A5563F00470DD4 /* NewsViewController.swift in Sources */ = {isa = PBXBuildFile; fileRef = FFED845E21A5563F00470DD4 /* NewsViewController.swift */; };
		FFED846321A556B100470DD4 /* NewsTableViewCell.swift in Sources */ = {isa = PBXBuildFile; fileRef = FFED846121A556B100470DD4 /* NewsTableViewCell.swift */; };
		FFED846421A556B100470DD4 /* NewsTableViewCell.xib in Resources */ = {isa = PBXBuildFile; fileRef = FFED846221A556B100470DD4 /* NewsTableViewCell.xib */; };
		FFED846621A5583700470DD4 /* News.swift in Sources */ = {isa = PBXBuildFile; fileRef = FFED846521A5583700470DD4 /* News.swift */; };
		FFED846821A559A400470DD4 /* NewsViewModel.swift in Sources */ = {isa = PBXBuildFile; fileRef = FFED846721A559A400470DD4 /* NewsViewModel.swift */; };
		FFED846A21A55D1200470DD4 /* NewsResponse.swift in Sources */ = {isa = PBXBuildFile; fileRef = FFED846921A55D1200470DD4 /* NewsResponse.swift */; };
		FFED846C21A57EB400470DD4 /* Nuke+.swift in Sources */ = {isa = PBXBuildFile; fileRef = FFED846B21A57EB400470DD4 /* Nuke+.swift */; };
		FFED847421A6628A00470DD4 /* News.storyboard in Resources */ = {isa = PBXBuildFile; fileRef = FFED847321A6628A00470DD4 /* News.storyboard */; };
		FFED847921A6662700470DD4 /* NewsBuilder.swift in Sources */ = {isa = PBXBuildFile; fileRef = FFED847821A6662700470DD4 /* NewsBuilder.swift */; };
		FFED847C21A666BC00470DD4 /* Transitioner.swift in Sources */ = {isa = PBXBuildFile; fileRef = FFED847B21A666BC00470DD4 /* Transitioner.swift */; };
		FFED848021A6676C00470DD4 /* assets-images.swift in Sources */ = {isa = PBXBuildFile; fileRef = FFED847E21A6676C00470DD4 /* assets-images.swift */; };
		FFED848121A6676C00470DD4 /* storyboards.swift in Sources */ = {isa = PBXBuildFile; fileRef = FFED847F21A6676C00470DD4 /* storyboards.swift */; };
		FFED848321A66A0600470DD4 /* NewsWireframe.swift in Sources */ = {isa = PBXBuildFile; fileRef = FFED848221A66A0600470DD4 /* NewsWireframe.swift */; };
		FFED848721A66B5800470DD4 /* OriginalNewsSiteBuilder.swift in Sources */ = {isa = PBXBuildFile; fileRef = FFED848621A66B5800470DD4 /* OriginalNewsSiteBuilder.swift */; };
		FFED848921A66C5500470DD4 /* OriginalNewsSiteViewController.swift in Sources */ = {isa = PBXBuildFile; fileRef = FFED848821A66C5500470DD4 /* OriginalNewsSiteViewController.swift */; };
		FFED848B21A66CA600470DD4 /* OriginalNewsSite.storyboard in Resources */ = {isa = PBXBuildFile; fileRef = FFED848A21A66CA600470DD4 /* OriginalNewsSite.storyboard */; };
		FFED848D21A66EB300470DD4 /* OriginalNewsSiteWireframe.swift in Sources */ = {isa = PBXBuildFile; fileRef = FFED848C21A66EB300470DD4 /* OriginalNewsSiteWireframe.swift */; };
		FFED849121A69E7700470DD4 /* Stripe.storyboard in Resources */ = {isa = PBXBuildFile; fileRef = FFED849021A69E7700470DD4 /* Stripe.storyboard */; };
		FFED849321A6A03900470DD4 /* StripeViewController.swift in Sources */ = {isa = PBXBuildFile; fileRef = FFED849221A6A03900470DD4 /* StripeViewController.swift */; };
		FFED849521A6A5BD00470DD4 /* DisasterDetail.storyboard in Resources */ = {isa = PBXBuildFile; fileRef = FFED849421A6A5BD00470DD4 /* DisasterDetail.storyboard */; };
		FFED849721A6A5D000470DD4 /* DisasterDetailViewController.swift in Sources */ = {isa = PBXBuildFile; fileRef = FFED849621A6A5D000470DD4 /* DisasterDetailViewController.swift */; };
		FFED849921A6BF6100470DD4 /* DisasterDetailViewBuilder.swift in Sources */ = {isa = PBXBuildFile; fileRef = FFED849821A6BF6100470DD4 /* DisasterDetailViewBuilder.swift */; };
		FFED849B21A6BF8900470DD4 /* DisasterDetailViewWireframe.swift in Sources */ = {isa = PBXBuildFile; fileRef = FFED849A21A6BF8900470DD4 /* DisasterDetailViewWireframe.swift */; };
		FFED849D21A6C14800470DD4 /* StripeViewBuilder.swift in Sources */ = {isa = PBXBuildFile; fileRef = FFED849C21A6C14800470DD4 /* StripeViewBuilder.swift */; };
		FFED84A121A6C1B300470DD4 /* StripeViewWireframe.swift in Sources */ = {isa = PBXBuildFile; fileRef = FFED84A021A6C1B300470DD4 /* StripeViewWireframe.swift */; };
		FFED84A321A6C2D600470DD4 /* Bokin.storyboard in Resources */ = {isa = PBXBuildFile; fileRef = FFED84A221A6C2D600470DD4 /* Bokin.storyboard */; };
		FFED84A521A6C30800470DD4 /* BokinViewController.swift in Sources */ = {isa = PBXBuildFile; fileRef = FFED84A421A6C30800470DD4 /* BokinViewController.swift */; };
/* End PBXBuildFile section */

/* Begin PBXCopyFilesBuildPhase section */
		FFED83FC21A4683100470DD4 /* Embed Frameworks */ = {
			isa = PBXCopyFilesBuildPhase;
			buildActionMask = 2147483647;
			dstPath = "";
			dstSubfolderSpec = 10;
			files = (
				FFED840821A4688A00470DD4 /* RxSwift.framework in Embed Frameworks */,
				FFED840521A4687500470DD4 /* RxCocoa.framework in Embed Frameworks */,
				FFED840221A4685B00470DD4 /* ObjectMapper.framework in Embed Frameworks */,
				FFED83FB21A4683100470DD4 /* Alamofire.framework in Embed Frameworks */,
				FFED83FF21A4684200470DD4 /* Nuke.framework in Embed Frameworks */,
				FFED844021A52F8D00470DD4 /* RxAtomic.framework in Embed Frameworks */,
			);
			name = "Embed Frameworks";
			runOnlyForDeploymentPostprocessing = 0;
		};
/* End PBXCopyFilesBuildPhase section */

/* Begin PBXFileReference section */
		FFED83DD21A45CFD00470DD4 /* BOKiN.app */ = {isa = PBXFileReference; explicitFileType = wrapper.application; includeInIndex = 0; path = BOKiN.app; sourceTree = BUILT_PRODUCTS_DIR; };
		FFED83E021A45CFD00470DD4 /* AppDelegate.swift */ = {isa = PBXFileReference; lastKnownFileType = sourcecode.swift; path = AppDelegate.swift; sourceTree = "<group>"; };
		FFED83E221A45CFD00470DD4 /* DisastersViewController.swift */ = {isa = PBXFileReference; lastKnownFileType = sourcecode.swift; path = DisastersViewController.swift; sourceTree = "<group>"; };
		FFED83E521A45CFD00470DD4 /* Base */ = {isa = PBXFileReference; lastKnownFileType = file.storyboard; name = Base; path = Base.lproj/Main.storyboard; sourceTree = "<group>"; };
		FFED83E721A45D0000470DD4 /* Assets.xcassets */ = {isa = PBXFileReference; lastKnownFileType = folder.assetcatalog; path = Assets.xcassets; sourceTree = "<group>"; };
		FFED83EA21A45D0000470DD4 /* Base */ = {isa = PBXFileReference; lastKnownFileType = file.storyboard; name = Base; path = Base.lproj/LaunchScreen.storyboard; sourceTree = "<group>"; };
		FFED83EC21A45D0000470DD4 /* Info.plist */ = {isa = PBXFileReference; lastKnownFileType = text.plist.xml; path = Info.plist; sourceTree = "<group>"; };
		FFED83F921A4683100470DD4 /* Alamofire.framework */ = {isa = PBXFileReference; lastKnownFileType = wrapper.framework; name = Alamofire.framework; path = Carthage/Build/iOS/Alamofire.framework; sourceTree = "<group>"; };
		FFED83FD21A4684200470DD4 /* Nuke.framework */ = {isa = PBXFileReference; lastKnownFileType = wrapper.framework; name = Nuke.framework; path = Carthage/Build/iOS/Nuke.framework; sourceTree = "<group>"; };
		FFED840021A4685B00470DD4 /* ObjectMapper.framework */ = {isa = PBXFileReference; lastKnownFileType = wrapper.framework; name = ObjectMapper.framework; path = Carthage/Build/iOS/ObjectMapper.framework; sourceTree = "<group>"; };
		FFED840321A4687500470DD4 /* RxCocoa.framework */ = {isa = PBXFileReference; lastKnownFileType = wrapper.framework; name = RxCocoa.framework; path = Carthage/Build/iOS/RxCocoa.framework; sourceTree = "<group>"; };
		FFED840621A4688A00470DD4 /* RxSwift.framework */ = {isa = PBXFileReference; lastKnownFileType = wrapper.framework; name = RxSwift.framework; path = Carthage/Build/iOS/RxSwift.framework; sourceTree = "<group>"; };
		FFED840B21A46A4500470DD4 /* APICliient.swift */ = {isa = PBXFileReference; lastKnownFileType = sourcecode.swift; path = APICliient.swift; sourceTree = "<group>"; };
		FFED840E21A46A7700470DD4 /* APIIClientError.swift */ = {isa = PBXFileReference; lastKnownFileType = sourcecode.swift; path = APIIClientError.swift; sourceTree = "<group>"; };
		FFED841021A46A9400470DD4 /* BokinAPIError.swift */ = {isa = PBXFileReference; lastKnownFileType = sourcecode.swift; path = BokinAPIError.swift; sourceTree = "<group>"; };
		FFED841321A46AB900470DD4 /* DisasterResponse.swift */ = {isa = PBXFileReference; lastKnownFileType = sourcecode.swift; path = DisasterResponse.swift; sourceTree = "<group>"; };
		FFED841621A46B1900470DD4 /* APIRequest.swift */ = {isa = PBXFileReference; lastKnownFileType = sourcecode.swift; path = APIRequest.swift; sourceTree = "<group>"; };
		FFED841821A46BA100470DD4 /* BokinRequest.swift */ = {isa = PBXFileReference; lastKnownFileType = sourcecode.swift; path = BokinRequest.swift; sourceTree = "<group>"; };
		FFED841A21A46C3700470DD4 /* Disaster.swift */ = {isa = PBXFileReference; lastKnownFileType = sourcecode.swift; path = Disaster.swift; sourceTree = "<group>"; };
		FFED841C21A46D4100470DD4 /* User.swift */ = {isa = PBXFileReference; lastKnownFileType = sourcecode.swift; path = User.swift; sourceTree = "<group>"; };
		FFED841E21A46EDD00470DD4 /* UserResponse.swift */ = {isa = PBXFileReference; lastKnownFileType = sourcecode.swift; path = UserResponse.swift; sourceTree = "<group>"; };
		FFED842321A47B1300470DD4 /* KeyChainManager.swift */ = {isa = PBXFileReference; lastKnownFileType = sourcecode.swift; path = KeyChainManager.swift; sourceTree = "<group>"; };
		FFED842C21A5188F00470DD4 /* DisastersViewModel.swift */ = {isa = PBXFileReference; lastKnownFileType = sourcecode.swift; path = DisastersViewModel.swift; sourceTree = "<group>"; };
		FFED843A21A525FC00470DD4 /* TableView+.swift */ = {isa = PBXFileReference; lastKnownFileType = sourcecode.swift; path = "TableView+.swift"; sourceTree = "<group>"; };
		FFED843C21A5275700470DD4 /* ClassName.swift */ = {isa = PBXFileReference; lastKnownFileType = sourcecode.swift; path = ClassName.swift; sourceTree = "<group>"; };
		FFED843E21A52F8C00470DD4 /* RxAtomic.framework */ = {isa = PBXFileReference; lastKnownFileType = wrapper.framework; name = RxAtomic.framework; path = Carthage/Build/iOS/RxAtomic.framework; sourceTree = "<group>"; };
		FFED845321A5456F00470DD4 /* DisastersTableViewCell.swift */ = {isa = PBXFileReference; fileEncoding = 4; lastKnownFileType = sourcecode.swift; path = DisastersTableViewCell.swift; sourceTree = "<group>"; };
		FFED845421A5456F00470DD4 /* DisastersTableViewCell.xib */ = {isa = PBXFileReference; fileEncoding = 4; lastKnownFileType = file.xib; path = DisastersTableViewCell.xib; sourceTree = "<group>"; };
		FFED845721A5457000470DD4 /* DisastersTableViewTopCell.swift */ = {isa = PBXFileReference; fileEncoding = 4; lastKnownFileType = sourcecode.swift; path = DisastersTableViewTopCell.swift; sourceTree = "<group>"; };
		FFED845821A5457000470DD4 /* DisastersTableViewTopCell.xib */ = {isa = PBXFileReference; fileEncoding = 4; lastKnownFileType = file.xib; path = DisastersTableViewTopCell.xib; sourceTree = "<group>"; };
		FFED845E21A5563F00470DD4 /* NewsViewController.swift */ = {isa = PBXFileReference; lastKnownFileType = sourcecode.swift; path = NewsViewController.swift; sourceTree = "<group>"; };
		FFED846121A556B100470DD4 /* NewsTableViewCell.swift */ = {isa = PBXFileReference; lastKnownFileType = sourcecode.swift; name = NewsTableViewCell.swift; path = BOKiN/View/NewsTableViewCell/NewsTableViewCell.swift; sourceTree = SOURCE_ROOT; };
		FFED846221A556B100470DD4 /* NewsTableViewCell.xib */ = {isa = PBXFileReference; lastKnownFileType = file.xib; name = NewsTableViewCell.xib; path = BOKiN/View/NewsTableViewCell/NewsTableViewCell.xib; sourceTree = SOURCE_ROOT; };
		FFED846521A5583700470DD4 /* News.swift */ = {isa = PBXFileReference; lastKnownFileType = sourcecode.swift; path = News.swift; sourceTree = "<group>"; };
		FFED846721A559A400470DD4 /* NewsViewModel.swift */ = {isa = PBXFileReference; lastKnownFileType = sourcecode.swift; path = NewsViewModel.swift; sourceTree = "<group>"; };
		FFED846921A55D1200470DD4 /* NewsResponse.swift */ = {isa = PBXFileReference; lastKnownFileType = sourcecode.swift; path = NewsResponse.swift; sourceTree = "<group>"; };
		FFED846B21A57EB400470DD4 /* Nuke+.swift */ = {isa = PBXFileReference; lastKnownFileType = sourcecode.swift; path = "Nuke+.swift"; sourceTree = "<group>"; };
		FFED847321A6628A00470DD4 /* News.storyboard */ = {isa = PBXFileReference; lastKnownFileType = file.storyboard; path = News.storyboard; sourceTree = "<group>"; };
		FFED847821A6662700470DD4 /* NewsBuilder.swift */ = {isa = PBXFileReference; lastKnownFileType = sourcecode.swift; path = NewsBuilder.swift; sourceTree = "<group>"; };
		FFED847B21A666BC00470DD4 /* Transitioner.swift */ = {isa = PBXFileReference; lastKnownFileType = sourcecode.swift; path = Transitioner.swift; sourceTree = "<group>"; };
		FFED847E21A6676C00470DD4 /* assets-images.swift */ = {isa = PBXFileReference; fileEncoding = 4; lastKnownFileType = sourcecode.swift; path = "assets-images.swift"; sourceTree = "<group>"; };
		FFED847F21A6676C00470DD4 /* storyboards.swift */ = {isa = PBXFileReference; fileEncoding = 4; lastKnownFileType = sourcecode.swift; path = storyboards.swift; sourceTree = "<group>"; };
		FFED848221A66A0600470DD4 /* NewsWireframe.swift */ = {isa = PBXFileReference; lastKnownFileType = sourcecode.swift; path = NewsWireframe.swift; sourceTree = "<group>"; };
		FFED848621A66B5800470DD4 /* OriginalNewsSiteBuilder.swift */ = {isa = PBXFileReference; lastKnownFileType = sourcecode.swift; path = OriginalNewsSiteBuilder.swift; sourceTree = "<group>"; };
		FFED848821A66C5500470DD4 /* OriginalNewsSiteViewController.swift */ = {isa = PBXFileReference; lastKnownFileType = sourcecode.swift; path = OriginalNewsSiteViewController.swift; sourceTree = "<group>"; };
		FFED848A21A66CA600470DD4 /* OriginalNewsSite.storyboard */ = {isa = PBXFileReference; lastKnownFileType = file.storyboard; path = OriginalNewsSite.storyboard; sourceTree = "<group>"; };
		FFED848C21A66EB300470DD4 /* OriginalNewsSiteWireframe.swift */ = {isa = PBXFileReference; lastKnownFileType = sourcecode.swift; path = OriginalNewsSiteWireframe.swift; sourceTree = "<group>"; };
		FFED849021A69E7700470DD4 /* Stripe.storyboard */ = {isa = PBXFileReference; lastKnownFileType = file.storyboard; path = Stripe.storyboard; sourceTree = "<group>"; };
		FFED849221A6A03900470DD4 /* StripeViewController.swift */ = {isa = PBXFileReference; lastKnownFileType = sourcecode.swift; path = StripeViewController.swift; sourceTree = "<group>"; };
		FFED849421A6A5BD00470DD4 /* DisasterDetail.storyboard */ = {isa = PBXFileReference; lastKnownFileType = file.storyboard; path = DisasterDetail.storyboard; sourceTree = "<group>"; };
		FFED849621A6A5D000470DD4 /* DisasterDetailViewController.swift */ = {isa = PBXFileReference; lastKnownFileType = sourcecode.swift; path = DisasterDetailViewController.swift; sourceTree = "<group>"; };
		FFED849821A6BF6100470DD4 /* DisasterDetailViewBuilder.swift */ = {isa = PBXFileReference; lastKnownFileType = sourcecode.swift; path = DisasterDetailViewBuilder.swift; sourceTree = "<group>"; };
		FFED849A21A6BF8900470DD4 /* DisasterDetailViewWireframe.swift */ = {isa = PBXFileReference; lastKnownFileType = sourcecode.swift; path = DisasterDetailViewWireframe.swift; sourceTree = "<group>"; };
		FFED849C21A6C14800470DD4 /* StripeViewBuilder.swift */ = {isa = PBXFileReference; lastKnownFileType = sourcecode.swift; path = StripeViewBuilder.swift; sourceTree = "<group>"; };
		FFED84A021A6C1B300470DD4 /* StripeViewWireframe.swift */ = {isa = PBXFileReference; lastKnownFileType = sourcecode.swift; path = StripeViewWireframe.swift; sourceTree = "<group>"; };
		FFED84A221A6C2D600470DD4 /* Bokin.storyboard */ = {isa = PBXFileReference; lastKnownFileType = file.storyboard; path = Bokin.storyboard; sourceTree = "<group>"; };
		FFED84A421A6C30800470DD4 /* BokinViewController.swift */ = {isa = PBXFileReference; lastKnownFileType = sourcecode.swift; path = BokinViewController.swift; sourceTree = "<group>"; };
/* End PBXFileReference section */

/* Begin PBXFrameworksBuildPhase section */
		FFED83DA21A45CFD00470DD4 /* Frameworks */ = {
			isa = PBXFrameworksBuildPhase;
			buildActionMask = 2147483647;
			files = (
				FFED840721A4688A00470DD4 /* RxSwift.framework in Frameworks */,
				FFED840421A4687500470DD4 /* RxCocoa.framework in Frameworks */,
				FFED840121A4685B00470DD4 /* ObjectMapper.framework in Frameworks */,
				FFED83FA21A4683100470DD4 /* Alamofire.framework in Frameworks */,
				FFED83FE21A4684200470DD4 /* Nuke.framework in Frameworks */,
				FFED843F21A52F8D00470DD4 /* RxAtomic.framework in Frameworks */,
			);
			runOnlyForDeploymentPostprocessing = 0;
		};
/* End PBXFrameworksBuildPhase section */

/* Begin PBXGroup section */
		FFED83D421A45CFD00470DD4 = {
			isa = PBXGroup;
			children = (
				FFED843E21A52F8C00470DD4 /* RxAtomic.framework */,
				FFED840621A4688A00470DD4 /* RxSwift.framework */,
				FFED840321A4687500470DD4 /* RxCocoa.framework */,
				FFED840021A4685B00470DD4 /* ObjectMapper.framework */,
				FFED83FD21A4684200470DD4 /* Nuke.framework */,
				FFED83F921A4683100470DD4 /* Alamofire.framework */,
				FFED83DF21A45CFD00470DD4 /* BOKiN */,
				FFED83DE21A45CFD00470DD4 /* Products */,
			);
			sourceTree = "<group>";
		};
		FFED83DE21A45CFD00470DD4 /* Products */ = {
			isa = PBXGroup;
			children = (
				FFED83DD21A45CFD00470DD4 /* BOKiN.app */,
			);
			name = Products;
			sourceTree = "<group>";
		};
		FFED83DF21A45CFD00470DD4 /* BOKiN */ = {
			isa = PBXGroup;
			children = (
				FFED847D21A6676C00470DD4 /* Generated */,
				FFED847521A665AF00470DD4 /* domain */,
				FFED83F821A4678100470DD4 /* Extension */,
				FFED83F721A4677B00470DD4 /* Utility */,
				FFED83F621A4676E00470DD4 /* Storyboard */,
				FFED83F521A4676B00470DD4 /* View */,
				FFED83F421A4675000470DD4 /* ViewModel */,
				FFED83F321A4674A00470DD4 /* Model */,
				FFED83F221A4673B00470DD4 /* Controller */,
				FFED83E021A45CFD00470DD4 /* AppDelegate.swift */,
				FFED83E721A45D0000470DD4 /* Assets.xcassets */,
				FFED83EC21A45D0000470DD4 /* Info.plist */,
			);
			path = BOKiN;
			sourceTree = "<group>";
		};
		FFED83F221A4673B00470DD4 /* Controller */ = {
			isa = PBXGroup;
			children = (
				FFED83E221A45CFD00470DD4 /* DisastersViewController.swift */,
				FFED845E21A5563F00470DD4 /* NewsViewController.swift */,
				FFED848821A66C5500470DD4 /* OriginalNewsSiteViewController.swift */,
				FFED849221A6A03900470DD4 /* StripeViewController.swift */,
				FFED849621A6A5D000470DD4 /* DisasterDetailViewController.swift */,
				FFED84A421A6C30800470DD4 /* BokinViewController.swift */,
			);
			path = Controller;
			sourceTree = "<group>";
		};
		FFED83F321A4674A00470DD4 /* Model */ = {
			isa = PBXGroup;
			children = (
				FFED841A21A46C3700470DD4 /* Disaster.swift */,
				FFED841C21A46D4100470DD4 /* User.swift */,
				FFED846521A5583700470DD4 /* News.swift */,
			);
			path = Model;
			sourceTree = "<group>";
		};
		FFED83F421A4675000470DD4 /* ViewModel */ = {
			isa = PBXGroup;
			children = (
				FFED842C21A5188F00470DD4 /* DisastersViewModel.swift */,
				FFED846721A559A400470DD4 /* NewsViewModel.swift */,
			);
			path = ViewModel;
			sourceTree = "<group>";
		};
		FFED83F521A4676B00470DD4 /* View */ = {
			isa = PBXGroup;
			children = (
				FFED846021A5569300470DD4 /* NewsTableViewCell */,
				FFED845221A5456F00470DD4 /* DisastersTableViewCell */,
				FFED845521A5457000470DD4 /* DisastersTableViewTopCell */,
			);
			path = View;
			sourceTree = "<group>";
		};
		FFED83F621A4676E00470DD4 /* Storyboard */ = {
			isa = PBXGroup;
			children = (
				FFED83E421A45CFD00470DD4 /* Main.storyboard */,
				FFED83E921A45D0000470DD4 /* LaunchScreen.storyboard */,
				FFED847321A6628A00470DD4 /* News.storyboard */,
				FFED848A21A66CA600470DD4 /* OriginalNewsSite.storyboard */,
				FFED849021A69E7700470DD4 /* Stripe.storyboard */,
				FFED849421A6A5BD00470DD4 /* DisasterDetail.storyboard */,
				FFED84A221A6C2D600470DD4 /* Bokin.storyboard */,
			);
			path = Storyboard;
			sourceTree = "<group>";
		};
		FFED83F721A4677B00470DD4 /* Utility */ = {
			isa = PBXGroup;
			children = (
				FFED842221A47AE600470DD4 /* Manager */,
				FFED840A21A46A2A00470DD4 /* API */,
			);
			path = Utility;
			sourceTree = "<group>";
		};
		FFED83F821A4678100470DD4 /* Extension */ = {
			isa = PBXGroup;
			children = (
				FFED843A21A525FC00470DD4 /* TableView+.swift */,
				FFED843C21A5275700470DD4 /* ClassName.swift */,
				FFED846B21A57EB400470DD4 /* Nuke+.swift */,
			);
			path = Extension;
			sourceTree = "<group>";
		};
		FFED840A21A46A2A00470DD4 /* API */ = {
			isa = PBXGroup;
			children = (
				FFED841521A46B0300470DD4 /* Request */,
				FFED841221A46AA600470DD4 /* Response */,
				FFED840D21A46A6600470DD4 /* Error */,
				FFED840B21A46A4500470DD4 /* APICliient.swift */,
			);
			path = API;
			sourceTree = "<group>";
		};
		FFED840D21A46A6600470DD4 /* Error */ = {
			isa = PBXGroup;
			children = (
				FFED840E21A46A7700470DD4 /* APIIClientError.swift */,
				FFED841021A46A9400470DD4 /* BokinAPIError.swift */,
			);
			path = Error;
			sourceTree = "<group>";
		};
		FFED841221A46AA600470DD4 /* Response */ = {
			isa = PBXGroup;
			children = (
				FFED841321A46AB900470DD4 /* DisasterResponse.swift */,
				FFED841E21A46EDD00470DD4 /* UserResponse.swift */,
				FFED846921A55D1200470DD4 /* NewsResponse.swift */,
			);
			path = Response;
			sourceTree = "<group>";
		};
		FFED841521A46B0300470DD4 /* Request */ = {
			isa = PBXGroup;
			children = (
				FFED841621A46B1900470DD4 /* APIRequest.swift */,
				FFED841821A46BA100470DD4 /* BokinRequest.swift */,
			);
			path = Request;
			sourceTree = "<group>";
		};
		FFED842221A47AE600470DD4 /* Manager */ = {
			isa = PBXGroup;
			children = (
				FFED842321A47B1300470DD4 /* KeyChainManager.swift */,
			);
			path = Manager;
			sourceTree = "<group>";
		};
		FFED845221A5456F00470DD4 /* DisastersTableViewCell */ = {
			isa = PBXGroup;
			children = (
				FFED845321A5456F00470DD4 /* DisastersTableViewCell.swift */,
				FFED845421A5456F00470DD4 /* DisastersTableViewCell.xib */,
			);
			path = DisastersTableViewCell;
			sourceTree = "<group>";
		};
		FFED845521A5457000470DD4 /* DisastersTableViewTopCell */ = {
			isa = PBXGroup;
			children = (
				FFED845721A5457000470DD4 /* DisastersTableViewTopCell.swift */,
				FFED845821A5457000470DD4 /* DisastersTableViewTopCell.xib */,
			);
			path = DisastersTableViewTopCell;
			sourceTree = "<group>";
		};
		FFED846021A5569300470DD4 /* NewsTableViewCell */ = {
			isa = PBXGroup;
			children = (
				FFED846121A556B100470DD4 /* NewsTableViewCell.swift */,
				FFED846221A556B100470DD4 /* NewsTableViewCell.xib */,
			);
			path = NewsTableViewCell;
			sourceTree = "<group>";
		};
		FFED847521A665AF00470DD4 /* domain */ = {
			isa = PBXGroup;
			children = (
				FFED847721A665BB00470DD4 /* wireframe */,
				FFED847621A665B500470DD4 /* builder */,
			);
			path = domain;
			sourceTree = "<group>";
		};
		FFED847621A665B500470DD4 /* builder */ = {
			isa = PBXGroup;
			children = (
				FFED847821A6662700470DD4 /* NewsBuilder.swift */,
				FFED848621A66B5800470DD4 /* OriginalNewsSiteBuilder.swift */,
				FFED849821A6BF6100470DD4 /* DisasterDetailViewBuilder.swift */,
				FFED849C21A6C14800470DD4 /* StripeViewBuilder.swift */,
			);
			path = builder;
			sourceTree = "<group>";
		};
		FFED847721A665BB00470DD4 /* wireframe */ = {
			isa = PBXGroup;
			children = (
				FFED847B21A666BC00470DD4 /* Transitioner.swift */,
				FFED848221A66A0600470DD4 /* NewsWireframe.swift */,
				FFED848C21A66EB300470DD4 /* OriginalNewsSiteWireframe.swift */,
				FFED849A21A6BF8900470DD4 /* DisasterDetailViewWireframe.swift */,
				FFED84A021A6C1B300470DD4 /* StripeViewWireframe.swift */,
			);
			path = wireframe;
			sourceTree = "<group>";
		};
		FFED847D21A6676C00470DD4 /* Generated */ = {
			isa = PBXGroup;
			children = (
				FFED847E21A6676C00470DD4 /* assets-images.swift */,
				FFED847F21A6676C00470DD4 /* storyboards.swift */,
			);
			path = Generated;
			sourceTree = "<group>";
		};
/* End PBXGroup section */

/* Begin PBXNativeTarget section */
		FFED83DC21A45CFD00470DD4 /* BOKiN */ = {
			isa = PBXNativeTarget;
			buildConfigurationList = FFED83EF21A45D0000470DD4 /* Build configuration list for PBXNativeTarget "BOKiN" */;
			buildPhases = (
				FFED847A21A6667600470DD4 /* swiftgen */,
				FFED83D921A45CFD00470DD4 /* Sources */,
				FFED840921A468AE00470DD4 /* Carthage */,
				FFED83DA21A45CFD00470DD4 /* Frameworks */,
				FFED83DB21A45CFD00470DD4 /* Resources */,
				FFED83FC21A4683100470DD4 /* Embed Frameworks */,
			);
			buildRules = (
			);
			dependencies = (
			);
			name = BOKiN;
			productName = BOKiN;
			productReference = FFED83DD21A45CFD00470DD4 /* BOKiN.app */;
			productType = "com.apple.product-type.application";
		};
/* End PBXNativeTarget section */

/* Begin PBXProject section */
		FFED83D521A45CFD00470DD4 /* Project object */ = {
			isa = PBXProject;
			attributes = {
				LastSwiftUpdateCheck = 1010;
				LastUpgradeCheck = 1010;
				ORGANIZATIONNAME = RedBottleCoffee;
				TargetAttributes = {
					FFED83DC21A45CFD00470DD4 = {
						CreatedOnToolsVersion = 10.1;
						LastSwiftMigration = 1010;
					};
				};
			};
			buildConfigurationList = FFED83D821A45CFD00470DD4 /* Build configuration list for PBXProject "BOKiN" */;
			compatibilityVersion = "Xcode 9.3";
			developmentRegion = en;
			hasScannedForEncodings = 0;
			knownRegions = (
				en,
				Base,
			);
			mainGroup = FFED83D421A45CFD00470DD4;
			productRefGroup = FFED83DE21A45CFD00470DD4 /* Products */;
			projectDirPath = "";
			projectRoot = "";
			targets = (
				FFED83DC21A45CFD00470DD4 /* BOKiN */,
			);
		};
/* End PBXProject section */

/* Begin PBXResourcesBuildPhase section */
		FFED83DB21A45CFD00470DD4 /* Resources */ = {
			isa = PBXResourcesBuildPhase;
			buildActionMask = 2147483647;
			files = (
				FFED845D21A5457000470DD4 /* DisastersTableViewTopCell.xib in Resources */,
				FFED848B21A66CA600470DD4 /* OriginalNewsSite.storyboard in Resources */,
				FFED845A21A5457000470DD4 /* DisastersTableViewCell.xib in Resources */,
				FFED83EB21A45D0000470DD4 /* LaunchScreen.storyboard in Resources */,
				FFED849521A6A5BD00470DD4 /* DisasterDetail.storyboard in Resources */,
				FFED847421A6628A00470DD4 /* News.storyboard in Resources */,
				FFED83E821A45D0000470DD4 /* Assets.xcassets in Resources */,
				FFED84A321A6C2D600470DD4 /* Bokin.storyboard in Resources */,
				FFED849121A69E7700470DD4 /* Stripe.storyboard in Resources */,
				FFED846421A556B100470DD4 /* NewsTableViewCell.xib in Resources */,
				FFED83E621A45CFD00470DD4 /* Main.storyboard in Resources */,
			);
			runOnlyForDeploymentPostprocessing = 0;
		};
/* End PBXResourcesBuildPhase section */

/* Begin PBXShellScriptBuildPhase section */
		FFED840921A468AE00470DD4 /* Carthage */ = {
			isa = PBXShellScriptBuildPhase;
			buildActionMask = 2147483647;
			files = (
			);
			inputFileListPaths = (
			);
			inputPaths = (
				"$(SRCROOT)/Carthage/Build/iOS/RxSwift.framework",
				"$(SRCROOT)/Carthage/Build/iOS/Alamofire.framework",
				"$(SRCROOT)/Carthage/Build/iOS/ObjectMapper.framework",
				"$(SRCROOT)/Carthage/Build/iOS/RxCocoa.framework",
				"$(SRCROOT)/Carthage/Build/iOS/RxAtomic.framework",
			);
			name = Carthage;
			outputFileListPaths = (
			);
			outputPaths = (
			);
			runOnlyForDeploymentPostprocessing = 0;
			shellPath = /bin/sh;
			shellScript = "/usr/local/bin/carthage copy-frameworks\n";
		};
		FFED847A21A6667600470DD4 /* swiftgen */ = {
			isa = PBXShellScriptBuildPhase;
			buildActionMask = 2147483647;
			files = (
			);
			inputFileListPaths = (
			);
			inputPaths = (
			);
			name = swiftgen;
			outputFileListPaths = (
			);
			outputPaths = (
			);
			runOnlyForDeploymentPostprocessing = 0;
			shellPath = /bin/sh;
			shellScript = "swiftgen/bin/swiftgen\n";
		};
/* End PBXShellScriptBuildPhase section */

/* Begin PBXSourcesBuildPhase section */
		FFED83D921A45CFD00470DD4 /* Sources */ = {
			isa = PBXSourcesBuildPhase;
			buildActionMask = 2147483647;
			files = (
				FFED847921A6662700470DD4 /* NewsBuilder.swift in Sources */,
				FFED841121A46A9400470DD4 /* BokinAPIError.swift in Sources */,
				FFED841921A46BA100470DD4 /* BokinRequest.swift in Sources */,
				FFED847C21A666BC00470DD4 /* Transitioner.swift in Sources */,
				FFED841B21A46C3700470DD4 /* Disaster.swift in Sources */,
				FFED848321A66A0600470DD4 /* NewsWireframe.swift in Sources */,
				FFED840F21A46A7700470DD4 /* APIIClientError.swift in Sources */,
				FFED846821A559A400470DD4 /* NewsViewModel.swift in Sources */,
				FFED83E321A45CFD00470DD4 /* DisastersViewController.swift in Sources */,
				FFED841721A46B1900470DD4 /* APIRequest.swift in Sources */,
				FFED83E121A45CFD00470DD4 /* AppDelegate.swift in Sources */,
				FFED849D21A6C14800470DD4 /* StripeViewBuilder.swift in Sources */,
				FFED843D21A5275700470DD4 /* ClassName.swift in Sources */,
				FFED843B21A525FC00470DD4 /* TableView+.swift in Sources */,
				FFED842421A47B1300470DD4 /* KeyChainManager.swift in Sources */,
				FFED848121A6676C00470DD4 /* storyboards.swift in Sources */,
				FFED848921A66C5500470DD4 /* OriginalNewsSiteViewController.swift in Sources */,
				FFED849721A6A5D000470DD4 /* DisasterDetailViewController.swift in Sources */,
				FFED841421A46AB900470DD4 /* DisasterResponse.swift in Sources */,
				FFED849921A6BF6100470DD4 /* DisasterDetailViewBuilder.swift in Sources */,
				FFED84A521A6C30800470DD4 /* BokinViewController.swift in Sources */,
				FFED841D21A46D4100470DD4 /* User.swift in Sources */,
				FFED846C21A57EB400470DD4 /* Nuke+.swift in Sources */,
				FFED848D21A66EB300470DD4 /* OriginalNewsSiteWireframe.swift in Sources */,
				FFED84A121A6C1B300470DD4 /* StripeViewWireframe.swift in Sources */,
				FFED848021A6676C00470DD4 /* assets-images.swift in Sources */,
				FFED845921A5457000470DD4 /* DisastersTableViewCell.swift in Sources */,
				FFED840C21A46A4500470DD4 /* APICliient.swift in Sources */,
				FFED845C21A5457000470DD4 /* DisastersTableViewTopCell.swift in Sources */,
				FFED845F21A5563F00470DD4 /* NewsViewController.swift in Sources */,
				FFED842D21A5188F00470DD4 /* DisastersViewModel.swift in Sources */,
				FFED841F21A46EDD00470DD4 /* UserResponse.swift in Sources */,
				FFED848721A66B5800470DD4 /* OriginalNewsSiteBuilder.swift in Sources */,
				FFED846A21A55D1200470DD4 /* NewsResponse.swift in Sources */,
				FFED849321A6A03900470DD4 /* StripeViewController.swift in Sources */,
				FFED846621A5583700470DD4 /* News.swift in Sources */,
				FFED849B21A6BF8900470DD4 /* DisasterDetailViewWireframe.swift in Sources */,
				FFED846321A556B100470DD4 /* NewsTableViewCell.swift in Sources */,
			);
			runOnlyForDeploymentPostprocessing = 0;
		};
/* End PBXSourcesBuildPhase section */

/* Begin PBXVariantGroup section */
		FFED83E421A45CFD00470DD4 /* Main.storyboard */ = {
			isa = PBXVariantGroup;
			children = (
				FFED83E521A45CFD00470DD4 /* Base */,
			);
			name = Main.storyboard;
			sourceTree = "<group>";
		};
		FFED83E921A45D0000470DD4 /* LaunchScreen.storyboard */ = {
			isa = PBXVariantGroup;
			children = (
				FFED83EA21A45D0000470DD4 /* Base */,
			);
			name = LaunchScreen.storyboard;
			sourceTree = "<group>";
		};
/* End PBXVariantGroup section */

/* Begin XCBuildConfiguration section */
		FFED83ED21A45D0000470DD4 /* Debug */ = {
			isa = XCBuildConfiguration;
			buildSettings = {
				ALWAYS_SEARCH_USER_PATHS = NO;
				CLANG_ANALYZER_NONNULL = YES;
				CLANG_ANALYZER_NUMBER_OBJECT_CONVERSION = YES_AGGRESSIVE;
				CLANG_CXX_LANGUAGE_STANDARD = "gnu++14";
				CLANG_CXX_LIBRARY = "libc++";
				CLANG_ENABLE_MODULES = YES;
				CLANG_ENABLE_OBJC_ARC = YES;
				CLANG_ENABLE_OBJC_WEAK = YES;
				CLANG_WARN_BLOCK_CAPTURE_AUTORELEASING = YES;
				CLANG_WARN_BOOL_CONVERSION = YES;
				CLANG_WARN_COMMA = YES;
				CLANG_WARN_CONSTANT_CONVERSION = YES;
				CLANG_WARN_DEPRECATED_OBJC_IMPLEMENTATIONS = YES;
				CLANG_WARN_DIRECT_OBJC_ISA_USAGE = YES_ERROR;
				CLANG_WARN_DOCUMENTATION_COMMENTS = YES;
				CLANG_WARN_EMPTY_BODY = YES;
				CLANG_WARN_ENUM_CONVERSION = YES;
				CLANG_WARN_INFINITE_RECURSION = YES;
				CLANG_WARN_INT_CONVERSION = YES;
				CLANG_WARN_NON_LITERAL_NULL_CONVERSION = YES;
				CLANG_WARN_OBJC_IMPLICIT_RETAIN_SELF = YES;
				CLANG_WARN_OBJC_LITERAL_CONVERSION = YES;
				CLANG_WARN_OBJC_ROOT_CLASS = YES_ERROR;
				CLANG_WARN_RANGE_LOOP_ANALYSIS = YES;
				CLANG_WARN_STRICT_PROTOTYPES = YES;
				CLANG_WARN_SUSPICIOUS_MOVE = YES;
				CLANG_WARN_UNGUARDED_AVAILABILITY = YES_AGGRESSIVE;
				CLANG_WARN_UNREACHABLE_CODE = YES;
				CLANG_WARN__DUPLICATE_METHOD_MATCH = YES;
				CODE_SIGN_IDENTITY = "iPhone Developer";
				COPY_PHASE_STRIP = NO;
				DEBUG_INFORMATION_FORMAT = dwarf;
				ENABLE_STRICT_OBJC_MSGSEND = YES;
				ENABLE_TESTABILITY = YES;
				GCC_C_LANGUAGE_STANDARD = gnu11;
				GCC_DYNAMIC_NO_PIC = NO;
				GCC_NO_COMMON_BLOCKS = YES;
				GCC_OPTIMIZATION_LEVEL = 0;
				GCC_PREPROCESSOR_DEFINITIONS = (
					"DEBUG=1",
					"$(inherited)",
				);
				GCC_WARN_64_TO_32_BIT_CONVERSION = YES;
				GCC_WARN_ABOUT_RETURN_TYPE = YES_ERROR;
				GCC_WARN_UNDECLARED_SELECTOR = YES;
				GCC_WARN_UNINITIALIZED_AUTOS = YES_AGGRESSIVE;
				GCC_WARN_UNUSED_FUNCTION = YES;
				GCC_WARN_UNUSED_VARIABLE = YES;
				IPHONEOS_DEPLOYMENT_TARGET = 12.1;
				MTL_ENABLE_DEBUG_INFO = INCLUDE_SOURCE;
				MTL_FAST_MATH = YES;
				ONLY_ACTIVE_ARCH = YES;
				SDKROOT = iphoneos;
				SWIFT_ACTIVE_COMPILATION_CONDITIONS = DEBUG;
				SWIFT_OPTIMIZATION_LEVEL = "-Onone";
			};
			name = Debug;
		};
		FFED83EE21A45D0000470DD4 /* Release */ = {
			isa = XCBuildConfiguration;
			buildSettings = {
				ALWAYS_SEARCH_USER_PATHS = NO;
				CLANG_ANALYZER_NONNULL = YES;
				CLANG_ANALYZER_NUMBER_OBJECT_CONVERSION = YES_AGGRESSIVE;
				CLANG_CXX_LANGUAGE_STANDARD = "gnu++14";
				CLANG_CXX_LIBRARY = "libc++";
				CLANG_ENABLE_MODULES = YES;
				CLANG_ENABLE_OBJC_ARC = YES;
				CLANG_ENABLE_OBJC_WEAK = YES;
				CLANG_WARN_BLOCK_CAPTURE_AUTORELEASING = YES;
				CLANG_WARN_BOOL_CONVERSION = YES;
				CLANG_WARN_COMMA = YES;
				CLANG_WARN_CONSTANT_CONVERSION = YES;
				CLANG_WARN_DEPRECATED_OBJC_IMPLEMENTATIONS = YES;
				CLANG_WARN_DIRECT_OBJC_ISA_USAGE = YES_ERROR;
				CLANG_WARN_DOCUMENTATION_COMMENTS = YES;
				CLANG_WARN_EMPTY_BODY = YES;
				CLANG_WARN_ENUM_CONVERSION = YES;
				CLANG_WARN_INFINITE_RECURSION = YES;
				CLANG_WARN_INT_CONVERSION = YES;
				CLANG_WARN_NON_LITERAL_NULL_CONVERSION = YES;
				CLANG_WARN_OBJC_IMPLICIT_RETAIN_SELF = YES;
				CLANG_WARN_OBJC_LITERAL_CONVERSION = YES;
				CLANG_WARN_OBJC_ROOT_CLASS = YES_ERROR;
				CLANG_WARN_RANGE_LOOP_ANALYSIS = YES;
				CLANG_WARN_STRICT_PROTOTYPES = YES;
				CLANG_WARN_SUSPICIOUS_MOVE = YES;
				CLANG_WARN_UNGUARDED_AVAILABILITY = YES_AGGRESSIVE;
				CLANG_WARN_UNREACHABLE_CODE = YES;
				CLANG_WARN__DUPLICATE_METHOD_MATCH = YES;
				CODE_SIGN_IDENTITY = "iPhone Developer";
				COPY_PHASE_STRIP = NO;
				DEBUG_INFORMATION_FORMAT = "dwarf-with-dsym";
				ENABLE_NS_ASSERTIONS = NO;
				ENABLE_STRICT_OBJC_MSGSEND = YES;
				GCC_C_LANGUAGE_STANDARD = gnu11;
				GCC_NO_COMMON_BLOCKS = YES;
				GCC_WARN_64_TO_32_BIT_CONVERSION = YES;
				GCC_WARN_ABOUT_RETURN_TYPE = YES_ERROR;
				GCC_WARN_UNDECLARED_SELECTOR = YES;
				GCC_WARN_UNINITIALIZED_AUTOS = YES_AGGRESSIVE;
				GCC_WARN_UNUSED_FUNCTION = YES;
				GCC_WARN_UNUSED_VARIABLE = YES;
				IPHONEOS_DEPLOYMENT_TARGET = 12.1;
				MTL_ENABLE_DEBUG_INFO = NO;
				MTL_FAST_MATH = YES;
				SDKROOT = iphoneos;
				SWIFT_COMPILATION_MODE = wholemodule;
				SWIFT_OPTIMIZATION_LEVEL = "-O";
				VALIDATE_PRODUCT = YES;
			};
			name = Release;
		};
		FFED83F021A45D0000470DD4 /* Debug */ = {
			isa = XCBuildConfiguration;
			buildSettings = {
				ASSETCATALOG_COMPILER_APPICON_NAME = AppIcon;
				CLANG_ENABLE_MODULES = YES;
				CODE_SIGN_STYLE = Automatic;
				DEVELOPMENT_TEAM = 6U5H77AN3Z;
				FRAMEWORK_SEARCH_PATHS = (
					"$(inherited)",
					"$(PROJECT_DIR)/Carthage/Build/iOS",
				);
				INFOPLIST_FILE = BOKiN/Info.plist;
				IPHONEOS_DEPLOYMENT_TARGET = 12.1;
				LD_RUNPATH_SEARCH_PATHS = (
					"$(inherited)",
					"@executable_path/Frameworks",
				);
				PRODUCT_BUNDLE_IDENTIFIER = rbcoffee.BOKiN.BOKiN;
				PRODUCT_NAME = "$(TARGET_NAME)";
				SWIFT_OPTIMIZATION_LEVEL = "-Onone";
				SWIFT_VERSION = 4.2;
				TARGETED_DEVICE_FAMILY = "1,2";
			};
			name = Debug;
		};
		FFED83F121A45D0000470DD4 /* Release */ = {
			isa = XCBuildConfiguration;
			buildSettings = {
				ASSETCATALOG_COMPILER_APPICON_NAME = AppIcon;
				CLANG_ENABLE_MODULES = YES;
				CODE_SIGN_STYLE = Automatic;
				DEVELOPMENT_TEAM = 6U5H77AN3Z;
				FRAMEWORK_SEARCH_PATHS = (
					"$(inherited)",
					"$(PROJECT_DIR)/Carthage/Build/iOS",
				);
				INFOPLIST_FILE = BOKiN/Info.plist;
				IPHONEOS_DEPLOYMENT_TARGET = 12.1;
				LD_RUNPATH_SEARCH_PATHS = (
					"$(inherited)",
					"@executable_path/Frameworks",
				);
				PRODUCT_BUNDLE_IDENTIFIER = rbcoffee.BOKiN.BOKiN;
				PRODUCT_NAME = "$(TARGET_NAME)";
				SWIFT_VERSION = 4.2;
				TARGETED_DEVICE_FAMILY = "1,2";
			};
			name = Release;
		};
/* End XCBuildConfiguration section */

/* Begin XCConfigurationList section */
		FFED83D821A45CFD00470DD4 /* Build configuration list for PBXProject "BOKiN" */ = {
			isa = XCConfigurationList;
			buildConfigurations = (
				FFED83ED21A45D0000470DD4 /* Debug */,
				FFED83EE21A45D0000470DD4 /* Release */,
			);
			defaultConfigurationIsVisible = 0;
			defaultConfigurationName = Release;
		};
		FFED83EF21A45D0000470DD4 /* Build configuration list for PBXNativeTarget "BOKiN" */ = {
			isa = XCConfigurationList;
			buildConfigurations = (
				FFED83F021A45D0000470DD4 /* Debug */,
				FFED83F121A45D0000470DD4 /* Release */,
			);
			defaultConfigurationIsVisible = 0;
			defaultConfigurationName = Release;
		};
/* End XCConfigurationList section */
	};
	rootObject = FFED83D521A45CFD00470DD4 /* Project object */;
}
